
Microsoft Visual Studio Solution File, Format Version 12.00
# Visual Studio 14
VisualStudioVersion = 14.0.24720.0
MinimumVisualStudioVersion = 10.0.40219.1
Project("{FAE04EC0-301F-11D3-BF4B-00C04F79EFBC}") = "Queue", "Queue\Queue.csproj", "{B041F6C1-509C-4AE4-8D70-328AD79C8E23}"
EndProject
Project("{FAE04EC0-301F-11D3-BF4B-00C04F79EFBC}") = "RadixSort", "RadixSort\RadixSort.csproj", "{E0B8F785-95D8-438D-88E1-17A94C42BD69}"
EndProject
Project("{FAE04EC0-301F-11D3-BF4B-00C04F79EFBC}") = "PriorityQueue", "PriorityQueue\PriorityQueue.csproj", "{02DE9C90-38D3-4E0A-AF0F-867F791EB2F1}"
EndProject
Global
	GlobalSection(SolutionConfigurationPlatforms) = preSolution
		Debug|Any CPU = Debug|Any CPU
		Release|Any CPU = Release|Any CPU
	EndGlobalSection
	GlobalSection(ProjectConfigurationPlatforms) = postSolution
		{B041F6C1-509C-4AE4-8D70-328AD79C8E23}.Debug|Any CPU.ActiveCfg = Debug|Any CPU
		{B041F6C1-509C-4AE4-8D70-328AD79C8E23}.Debug|Any CPU.Build.0 = Debug|Any CPU
		{B041F6C1-509C-4AE4-8D70-328AD79C8E23}.Release|Any CPU.ActiveCfg = Release|Any CPU
		{B041F6C1-509C-4AE4-8D70-328AD79C8E23}.Release|Any CPU.Build.0 = Release|Any CPU
		{E0B8F785-95D8-438D-88E1-17A94C42BD69}.Debug|Any CPU.ActiveCfg = Debug|Any CPU
		{E0B8F785-95D8-438D-88E1-17A94C42BD69}.Debug|Any CPU.Build.0 = Debug|Any CPU
		{E0B8F785-95D8-438D-88E1-17A94C42BD69}.Release|Any CPU.ActiveCfg = Release|Any CPU
		{E0B8F785-95D8-438D-88E1-17A94C42BD69}.Release|Any CPU.Build.0 = Release|Any CPU
		{02DE9C90-38D3-4E0A-AF0F-867F791EB2F1}.Debug|Any CPU.ActiveCfg = Debug|Any CPU
		{02DE9C90-38D3-4E0A-AF0F-867F791EB2F1}.Debug|Any CPU.Build.0 = Debug|Any CPU
		{02DE9C90-38D3-4E0A-AF0F-867F791EB2F1}.Release|Any CPU.ActiveCfg = Release|Any CPU
		{02DE9C90-38D3-4E0A-AF0F-867F791EB2F1}.Release|Any CPU.Build.0 = Release|Any CPU
	EndGlobalSection
	GlobalSection(SolutionProperties) = preSolution
		HideSolutionNode = FALSE
	EndGlobalSection
EndGlobal
